
Microsoft Visual Studio Solution File, Format Version 12.00
# Visual Studio Version 16
VisualStudioVersion = 16.0.30309.148
MinimumVisualStudioVersion = 10.0.40219.1
Project("{FAE04EC0-301F-11D3-BF4B-00C04F79EFBC}") = "oop-6115261025-w08", "oop-6115261025-w08.csproj", "{48B9201B-C3E0-42E0-B284-8991D82C9954}"
EndProject
Global
	GlobalSection(SolutionConfigurationPlatforms) = preSolution
		Debug|Any CPU = Debug|Any CPU
		Release|Any CPU = Release|Any CPU
	EndGlobalSection
	GlobalSection(ProjectConfigurationPlatforms) = postSolution
		{48B9201B-C3E0-42E0-B284-8991D82C9954}.Debug|Any CPU.ActiveCfg = Debug|Any CPU
		{48B9201B-C3E0-42E0-B284-8991D82C9954}.Debug|Any CPU.Build.0 = Debug|Any CPU
		{48B9201B-C3E0-42E0-B284-8991D82C9954}.Release|Any CPU.ActiveCfg = Release|Any CPU
		{48B9201B-C3E0-42E0-B284-8991D82C9954}.Release|Any CPU.Build.0 = Release|Any CPU
	EndGlobalSection
	GlobalSection(SolutionProperties) = preSolution
		HideSolutionNode = FALSE
	EndGlobalSection
	GlobalSection(ExtensibilityGlobals) = postSolution
		SolutionGuid = {53863666-103F-437B-BCB3-DDA247B14ACA}
	EndGlobalSection
EndGlobal
